// !$*UTF8*$!
{
	archiveVersion = 1;
	classes = {
	};
	objectVersion = 46;
	objects = {

/* Begin PBXBuildFile section */
		52772D821EAE67F700BAE64A /* AppDelegate.swift in Sources */ = {isa = PBXBuildFile; fileRef = 52772D811EAE67F700BAE64A /* AppDelegate.swift */; };
		52772D841EAE67F700BAE64A /* ViewController.swift in Sources */ = {isa = PBXBuildFile; fileRef = 52772D831EAE67F700BAE64A /* ViewController.swift */; };
		52772D871EAE67F700BAE64A /* Main.storyboard in Resources */ = {isa = PBXBuildFile; fileRef = 52772D851EAE67F700BAE64A /* Main.storyboard */; };
		52772D891EAE67F700BAE64A /* Assets.xcassets in Resources */ = {isa = PBXBuildFile; fileRef = 52772D881EAE67F700BAE64A /* Assets.xcassets */; };
		52772D8C1EAE67F700BAE64A /* LaunchScreen.storyboard in Resources */ = {isa = PBXBuildFile; fileRef = 52772D8A1EAE67F700BAE64A /* LaunchScreen.storyboard */; };
		9B53BA250BB9635C730EB558 /* Pods_ECE306_Controller.framework in Frameworks */ = {isa = PBXBuildFile; fileRef = 8F800666A3E61F1E78A6DBC3 /* Pods_ECE306_Controller.framework */; };
/* End PBXBuildFile section */

/* Begin PBXFileReference section */
		52772D7E1EAE67F700BAE64A /* ECE306 Controller.app */ = {isa = PBXFileReference; explicitFileType = wrapper.application; includeInIndex = 0; path = "ECE306 Controller.app"; sourceTree = BUILT_PRODUCTS_DIR; };
		52772D811EAE67F700BAE64A /* AppDelegate.swift */ = {isa = PBXFileReference; lastKnownFileType = sourcecode.swift; path = AppDelegate.swift; sourceTree = "<group>"; };
		52772D831EAE67F700BAE64A /* ViewController.swift */ = {isa = PBXFileReference; lastKnownFileType = sourcecode.swift; path = ViewController.swift; sourceTree = "<group>"; };
		52772D861EAE67F700BAE64A /* Base */ = {isa = PBXFileReference; lastKnownFileType = file.storyboard; name = Base; path = Base.lproj/Main.storyboard; sourceTree = "<group>"; };
		52772D881EAE67F700BAE64A /* Assets.xcassets */ = {isa = PBXFileReference; lastKnownFileType = folder.assetcatalog; path = Assets.xcassets; sourceTree = "<group>"; };
		52772D8B1EAE67F700BAE64A /* Base */ = {isa = PBXFileReference; lastKnownFileType = file.storyboard; name = Base; path = Base.lproj/LaunchScreen.storyboard; sourceTree = "<group>"; };
		52772D8D1EAE67F700BAE64A /* Info.plist */ = {isa = PBXFileReference; lastKnownFileType = text.plist.xml; path = Info.plist; sourceTree = "<group>"; };
		81B13E271D18698BD6A1948C /* Pods-ECE306 Controller.release.xcconfig */ = {isa = PBXFileReference; includeInIndex = 1; lastKnownFileType = text.xcconfig; name = "Pods-ECE306 Controller.release.xcconfig"; path = "Pods/Target Support Files/Pods-ECE306 Controller/Pods-ECE306 Controller.release.xcconfig"; sourceTree = "<group>"; };
		8F800666A3E61F1E78A6DBC3 /* Pods_ECE306_Controller.framework */ = {isa = PBXFileReference; explicitFileType = wrapper.framework; includeInIndex = 0; path = Pods_ECE306_Controller.framework; sourceTree = BUILT_PRODUCTS_DIR; };
		E8CBCFF0EE3EDF81FF6BC4AF /* Pods-ECE306 Controller.debug.xcconfig */ = {isa = PBXFileReference; includeInIndex = 1; lastKnownFileType = text.xcconfig; name = "Pods-ECE306 Controller.debug.xcconfig"; path = "Pods/Target Support Files/Pods-ECE306 Controller/Pods-ECE306 Controller.debug.xcconfig"; sourceTree = "<group>"; };
/* End PBXFileReference section */

/* Begin PBXFrameworksBuildPhase section */
		52772D7B1EAE67F700BAE64A /* Frameworks */ = {
			isa = PBXFrameworksBuildPhase;
			buildActionMask = 2147483647;
			files = (
				9B53BA250BB9635C730EB558 /* Pods_ECE306_Controller.framework in Frameworks */,
			);
			runOnlyForDeploymentPostprocessing = 0;
		};
/* End PBXFrameworksBuildPhase section */

/* Begin PBXGroup section */
		23646D7CB7BBA2F1DC45364E /* Pods */ = {
			isa = PBXGroup;
			children = (
				E8CBCFF0EE3EDF81FF6BC4AF /* Pods-ECE306 Controller.debug.xcconfig */,
				81B13E271D18698BD6A1948C /* Pods-ECE306 Controller.release.xcconfig */,
			);
			name = Pods;
			sourceTree = "<group>";
		};
		52772D751EAE67F700BAE64A = {
			isa = PBXGroup;
			children = (
				52772D801EAE67F700BAE64A /* ECE306 Controller */,
				52772D7F1EAE67F700BAE64A /* Products */,
				23646D7CB7BBA2F1DC45364E /* Pods */,
				A1D7EF876AA8AEF6677BE794 /* Frameworks */,
			);
			sourceTree = "<group>";
		};
		52772D7F1EAE67F700BAE64A /* Products */ = {
			isa = PBXGroup;
			children = (
				52772D7E1EAE67F700BAE64A /* ECE306 Controller.app */,
			);
			name = Products;
			sourceTree = "<group>";
		};
		52772D801EAE67F700BAE64A /* ECE306 Controller */ = {
			isa = PBXGroup;
			children = (
				52772D811EAE67F700BAE64A /* AppDelegate.swift */,
				52772D831EAE67F700BAE64A /* ViewController.swift */,
				52772D851EAE67F700BAE64A /* Main.storyboard */,
				52772D881EAE67F700BAE64A /* Assets.xcassets */,
				52772D8A1EAE67F700BAE64A /* LaunchScreen.storyboard */,
				52772D8D1EAE67F700BAE64A /* Info.plist */,
			);
			path = "ECE306 Controller";
			sourceTree = "<group>";
		};
		A1D7EF876AA8AEF6677BE794 /* Frameworks */ = {
			isa = PBXGroup;
			children = (
				8F800666A3E61F1E78A6DBC3 /* Pods_ECE306_Controller.framework */,
			);
			name = Frameworks;
			sourceTree = "<group>";
		};
/* End PBXGroup section */

/* Begin PBXNativeTarget section */
		52772D7D1EAE67F700BAE64A /* ECE306 Controller */ = {
			isa = PBXNativeTarget;
			buildConfigurationList = 52772D901EAE67F700BAE64A /* Build configuration list for PBXNativeTarget "ECE306 Controller" */;
			buildPhases = (
				11487289AF77ACBE6D3ED473 /* [CP] Check Pods Manifest.lock */,
				52772D7A1EAE67F700BAE64A /* Sources */,
				52772D7B1EAE67F700BAE64A /* Frameworks */,
				52772D7C1EAE67F700BAE64A /* Resources */,
				80D449E34A97D0BE0B762510 /* [CP] Embed Pods Frameworks */,
				E3AC80C8D170D0A1D1CCF6BA /* [CP] Copy Pods Resources */,
			);
			buildRules = (
			);
			dependencies = (
			);
			name = "ECE306 Controller";
			productName = "ECE306 Controller";
			productReference = 52772D7E1EAE67F700BAE64A /* ECE306 Controller.app */;
			productType = "com.apple.product-type.application";
		};
/* End PBXNativeTarget section */

/* Begin PBXProject section */
		52772D761EAE67F700BAE64A /* Project object */ = {
			isa = PBXProject;
			attributes = {
				LastSwiftUpdateCheck = 0830;
				LastUpgradeCheck = 0830;
				ORGANIZATIONNAME = "John Malatras";
				TargetAttributes = {
					52772D7D1EAE67F700BAE64A = {
						CreatedOnToolsVersion = 8.3.2;
						DevelopmentTeam = UQ5A7GXJP2;
						ProvisioningStyle = Automatic;
					};
				};
			};
			buildConfigurationList = 52772D791EAE67F700BAE64A /* Build configuration list for PBXProject "ECE306 Controller" */;
			compatibilityVersion = "Xcode 3.2";
			developmentRegion = English;
			hasScannedForEncodings = 0;
			knownRegions = (
				en,
				Base,
			);
			mainGroup = 52772D751EAE67F700BAE64A;
			productRefGroup = 52772D7F1EAE67F700BAE64A /* Products */;
			projectDirPath = "";
			projectRoot = "";
			targets = (
				52772D7D1EAE67F700BAE64A /* ECE306 Controller */,
			);
		};
/* End PBXProject section */

/* Begin PBXResourcesBuildPhase section */
		52772D7C1EAE67F700BAE64A /* Resources */ = {
			isa = PBXResourcesBuildPhase;
			buildActionMask = 2147483647;
			files = (
				52772D8C1EAE67F700BAE64A /* LaunchScreen.storyboard in Resources */,
				52772D891EAE67F700BAE64A /* Assets.xcassets in Resources */,
				52772D871EAE67F700BAE64A /* Main.storyboard in Resources */,
			);
			runOnlyForDeploymentPostprocessing = 0;
		};
/* End PBXResourcesBuildPhase section */

/* Begin PBXShellScriptBuildPhase section */
		11487289AF77ACBE6D3ED473 /* [CP] Check Pods Manifest.lock */ = {
			isa = PBXShellScriptBuildPhase;
			buildActionMask = 2147483647;
			files = (
			);
			inputPaths = (
			);
			name = "[CP] Check Pods Manifest.lock";
			outputPaths = (
			);
			runOnlyForDeploymentPostprocessing = 0;
			shellPath = /bin/sh;
			shellScript = "diff \"${PODS_ROOT}/../Podfile.lock\" \"${PODS_ROOT}/Manifest.lock\" > /dev/null\nif [ $? != 0 ] ; then\n    # print error to STDERR\n    echo \"error: The sandbox is not in sync with the Podfile.lock. Run 'pod install' or update your CocoaPods installation.\" >&2\n    exit 1\nfi\n";
			showEnvVarsInLog = 0;
		};
		80D449E34A97D0BE0B762510 /* [CP] Embed Pods Frameworks */ = {
			isa = PBXShellScriptBuildPhase;
			buildActionMask = 2147483647;
			files = (
			);
			inputPaths = (
			);
			name = "[CP] Embed Pods Frameworks";
			outputPaths = (
			);
			runOnlyForDeploymentPostprocessing = 0;
			shellPath = /bin/sh;
			shellScript = "\"${SRCROOT}/Pods/Target Support Files/Pods-ECE306 Controller/Pods-ECE306 Controller-frameworks.sh\"\n";
			showEnvVarsInLog = 0;
		};
		E3AC80C8D170D0A1D1CCF6BA /* [CP] Copy Pods Resources */ = {
			isa = PBXShellScriptBuildPhase;
			buildActionMask = 2147483647;
			files = (
			);
			inputPaths = (
			);
			name = "[CP] Copy Pods Resources";
			outputPaths = (
			);
			runOnlyForDeploymentPostprocessing = 0;
			shellPath = /bin/sh;
			shellScript = "\"${SRCROOT}/Pods/Target Support Files/Pods-ECE306 Controller/Pods-ECE306 Controller-resources.sh\"\n";
			showEnvVarsInLog = 0;
		};
/* End PBXShellScriptBuildPhase section */

/* Begin PBXSourcesBuildPhase section */
		52772D7A1EAE67F700BAE64A /* Sources */ = {
			isa = PBXSourcesBuildPhase;
			buildActionMask = 2147483647;
			files = (
				52772D841EAE67F700BAE64A /* ViewController.swift in Sources */,
				52772D821EAE67F700BAE64A /* AppDelegate.swift in Sources */,
			);
			runOnlyForDeploymentPostprocessing = 0;
		};
/* End PBXSourcesBuildPhase section */

/* Begin PBXVariantGroup section */
		52772D851EAE67F700BAE64A /* Main.storyboard */ = {
			isa = PBXVariantGroup;
			children = (
				52772D861EAE67F700BAE64A /* Base */,
			);
			name = Main.storyboard;
			sourceTree = "<group>";
		};
		52772D8A1EAE67F700BAE64A /* LaunchScreen.storyboard */ = {
			isa = PBXVariantGroup;
			children = (
				52772D8B1EAE67F700BAE64A /* Base */,
			);
			name = LaunchScreen.storyboard;
			sourceTree = "<group>";
		};
/* End PBXVariantGroup section */

/* Begin XCBuildConfiguration section */
		52772D8E1EAE67F700BAE64A /* Debug */ = {
			isa = XCBuildConfiguration;
			buildSettings = {
				ALWAYS_SEARCH_USER_PATHS = NO;
				CLANG_ANALYZER_NONNULL = YES;
				CLANG_ANALYZER_NUMBER_OBJECT_CONVERSION = YES_AGGRESSIVE;
				CLANG_CXX_LANGUAGE_STANDARD = "gnu++0x";
				CLANG_CXX_LIBRARY = "libc++";
				CLANG_ENABLE_MODULES = YES;
				CLANG_ENABLE_OBJC_ARC = YES;
				CLANG_WARN_BOOL_CONVERSION = YES;
				CLANG_WARN_CONSTANT_CONVERSION = YES;
				CLANG_WARN_DIRECT_OBJC_ISA_USAGE = YES_ERROR;
				CLANG_WARN_DOCUMENTATION_COMMENTS = YES;
				CLANG_WARN_EMPTY_BODY = YES;
				CLANG_WARN_ENUM_CONVERSION = YES;
				CLANG_WARN_INFINITE_RECURSION = YES;
				CLANG_WARN_INT_CONVERSION = YES;
				CLANG_WARN_OBJC_ROOT_CLASS = YES_ERROR;
				CLANG_WARN_SUSPICIOUS_MOVE = YES;
				CLANG_WARN_UNREACHABLE_CODE = YES;
				CLANG_WARN__DUPLICATE_METHOD_MATCH = YES;
				"CODE_SIGN_IDENTITY[sdk=iphoneos*]" = "iPhone Developer";
				COPY_PHASE_STRIP = NO;
				DEBUG_INFORMATION_FORMAT = dwarf;
				ENABLE_STRICT_OBJC_MSGSEND = YES;
				ENABLE_TESTABILITY = YES;
				GCC_C_LANGUAGE_STANDARD = gnu99;
				GCC_DYNAMIC_NO_PIC = NO;
				GCC_NO_COMMON_BLOCKS = YES;
				GCC_OPTIMIZATION_LEVEL = 0;
				GCC_PREPROCESSOR_DEFINITIONS = (
					"DEBUG=1",
					"$(inherited)",
				);
				GCC_WARN_64_TO_32_BIT_CONVERSION = YES;
				GCC_WARN_ABOUT_RETURN_TYPE = YES_ERROR;
				GCC_WARN_UNDECLARED_SELECTOR = YES;
				GCC_WARN_UNINITIALIZED_AUTOS = YES_AGGRESSIVE;
				GCC_WARN_UNUSED_FUNCTION = YES;
				GCC_WARN_UNUSED_VARIABLE = YES;
				IPHONEOS_DEPLOYMENT_TARGET = 10.3;
				MTL_ENABLE_DEBUG_INFO = YES;
				ONLY_ACTIVE_ARCH = YES;
				SDKROOT = iphoneos;
				SWIFT_ACTIVE_COMPILATION_CONDITIONS = DEBUG;
				SWIFT_OPTIMIZATION_LEVEL = "-Onone";
			};
			name = Debug;
		};
		52772D8F1EAE67F700BAE64A /* Release */ = {
			isa = XCBuildConfiguration;
			buildSettings = {
				ALWAYS_SEARCH_USER_PATHS = NO;
				CLANG_ANALYZER_NONNULL = YES;
				CLANG_ANALYZER_NUMBER_OBJECT_CONVERSION = YES_AGGRESSIVE;
				CLANG_CXX_LANGUAGE_STANDARD = "gnu++0x";
				CLANG_CXX_LIBRARY = "libc++";
				CLANG_ENABLE_MODULES = YES;
				CLANG_ENABLE_OBJC_ARC = YES;
				CLANG_WARN_BOOL_CONVERSION = YES;
				CLANG_WARN_CONSTANT_CONVERSION = YES;
				CLANG_WARN_DIRECT_OBJC_ISA_USAGE = YES_ERROR;
				CLANG_WARN_DOCUMENTATION_COMMENTS = YES;
				CLANG_WARN_EMPTY_BODY = YES;
				CLANG_WARN_ENUM_CONVERSION = YES;
				CLANG_WARN_INFINITE_RECURSION = YES;
				CLANG_WARN_INT_CONVERSION = YES;
				CLANG_WARN_OBJC_ROOT_CLASS = YES_ERROR;
				CLANG_WARN_SUSPICIOUS_MOVE = YES;
				CLANG_WARN_UNREACHABLE_CODE = YES;
				CLANG_WARN__DUPLICATE_METHOD_MATCH = YES;
				"CODE_SIGN_IDENTITY[sdk=iphoneos*]" = "iPhone Developer";
				COPY_PHASE_STRIP = NO;
				DEBUG_INFORMATION_FORMAT = "dwarf-with-dsym";
				ENABLE_NS_ASSERTIONS = NO;
				ENABLE_STRICT_OBJC_MSGSEND = YES;
				GCC_C_LANGUAGE_STANDARD = gnu99;
				GCC_NO_COMMON_BLOCKS = YES;
				GCC_WARN_64_TO_32_BIT_CONVERSION = YES;
				GCC_WARN_ABOUT_RETURN_TYPE = YES_ERROR;
				GCC_WARN_UNDECLARED_SELECTOR = YES;
				GCC_WARN_UNINITIALIZED_AUTOS = YES_AGGRESSIVE;
				GCC_WARN_UNUSED_FUNCTION = YES;
				GCC_WARN_UNUSED_VARIABLE = YES;
				IPHONEOS_DEPLOYMENT_TARGET = 10.3;
				MTL_ENABLE_DEBUG_INFO = NO;
				SDKROOT = iphoneos;
				SWIFT_OPTIMIZATION_LEVEL = "-Owholemodule";
				VALIDATE_PRODUCT = YES;
			};
			name = Release;
		};
		52772D911EAE67F700BAE64A /* Debug */ = {
			isa = XCBuildConfiguration;
			baseConfigurationReference = E8CBCFF0EE3EDF81FF6BC4AF /* Pods-ECE306 Controller.debug.xcconfig */;
			buildSettings = {
				ASSETCATALOG_COMPILER_APPICON_NAME = AppIcon;
				DEVELOPMENT_TEAM = UQ5A7GXJP2;
				INFOPLIST_FILE = "ECE306 Controller/Info.plist";
				IPHONEOS_DEPLOYMENT_TARGET = 9.1;
				LD_RUNPATH_SEARCH_PATHS = "$(inherited) @executable_path/Frameworks";
				PRODUCT_BUNDLE_IDENTIFIER = "com.malatras.ECE306-Controller";
				PRODUCT_NAME = "$(TARGET_NAME)";
				SWIFT_VERSION = 3.0;
			};
			name = Debug;
		};
		52772D921EAE67F700BAE64A /* Release */ = {
			isa = XCBuildConfiguration;
			baseConfigurationReference = 81B13E271D18698BD6A1948C /* Pods-ECE306 Controller.release.xcconfig */;
			buildSettings = {
				ASSETCATALOG_COMPILER_APPICON_NAME = AppIcon;
				DEVELOPMENT_TEAM = UQ5A7GXJP2;
				INFOPLIST_FILE = "ECE306 Controller/Info.plist";
				IPHONEOS_DEPLOYMENT_TARGET = 9.1;
				LD_RUNPATH_SEARCH_PATHS = "$(inherited) @executable_path/Frameworks";
				PRODUCT_BUNDLE_IDENTIFIER = "com.malatras.ECE306-Controller";
				PRODUCT_NAME = "$(TARGET_NAME)";
				SWIFT_VERSION = 3.0;
			};
			name = Release;
		};
/* End XCBuildConfiguration section */

/* Begin XCConfigurationList section */
		52772D791EAE67F700BAE64A /* Build configuration list for PBXProject "ECE306 Controller" */ = {
			isa = XCConfigurationList;
			buildConfigurations = (
				52772D8E1EAE67F700BAE64A /* Debug */,
				52772D8F1EAE67F700BAE64A /* Release */,
			);
			defaultConfigurationIsVisible = 0;
			defaultConfigurationName = Release;
		};
		52772D901EAE67F700BAE64A /* Build configuration list for PBXNativeTarget "ECE306 Controller" */ = {
			isa = XCConfigurationList;
			buildConfigurations = (
				52772D911EAE67F700BAE64A /* Debug */,
				52772D921EAE67F700BAE64A /* Release */,
			);
			defaultConfigurationIsVisible = 0;
		};
/* End XCConfigurationList section */
	};
	rootObject = 52772D761EAE67F700BAE64A /* Project object */;
}
